
Microsoft Visual Studio Solution File, Format Version 12.00
# Visual Studio Version 17
VisualStudioVersion = 17.2.32630.192
MinimumVisualStudioVersion = 10.0.40219.1
Project("{FAE04EC0-301F-11D3-BF4B-00C04F79EFBC}") = "MonitorCierre", "MonitorCierre\MonitorCierre.csproj", "{9108A3BD-56A4-4FE1-B803-DBA88C95FD1B}"
EndProject
Global
	GlobalSection(SolutionConfigurationPlatforms) = preSolution
		Debug|Any CPU = Debug|Any CPU
		Release|Any CPU = Release|Any CPU
	EndGlobalSection
	GlobalSection(ProjectConfigurationPlatforms) = postSolution
		{9108A3BD-56A4-4FE1-B803-DBA88C95FD1B}.Debug|Any CPU.ActiveCfg = Debug|Any CPU
		{9108A3BD-56A4-4FE1-B803-DBA88C95FD1B}.Debug|Any CPU.Build.0 = Debug|Any CPU
		{9108A3BD-56A4-4FE1-B803-DBA88C95FD1B}.Release|Any CPU.ActiveCfg = Release|Any CPU
		{9108A3BD-56A4-4FE1-B803-DBA88C95FD1B}.Release|Any CPU.Build.0 = Release|Any CPU
	EndGlobalSection
	GlobalSection(SolutionProperties) = preSolution
		HideSolutionNode = FALSE
	EndGlobalSection
	GlobalSection(ExtensibilityGlobals) = postSolution
		SolutionGuid = {5FCDA3AE-69C8-471E-9AC8-B8EBAAEAAD90}
	EndGlobalSection
EndGlobal
